// !$*UTF8*$!
{
	archiveVersion = 1;
	classes = {
	};
	objectVersion = 46;
	objects = {

/* Begin PBXBuildFile section */
		1B27FAAE1EB384AB00ECF32F /* MainView.xib in Resources */ = {isa = PBXBuildFile; fileRef = 1B27FAAC1EB384AB00ECF32F /* MainView.xib */; };
		1B27FAB11EB3852F00ECF32F /* MLVMainWindowController.m in Sources */ = {isa = PBXBuildFile; fileRef = 1B27FAB01EB3852F00ECF32F /* MLVMainWindowController.m */; };
		1B27FAB41EB3855D00ECF32F /* MainWindow.xib in Resources */ = {isa = PBXBuildFile; fileRef = 1B27FAB21EB3855D00ECF32F /* MainWindow.xib */; };
		1B27FAB91EB3873300ECF32F /* com.andymatuschak.Sparkle.install-service.xpc in Resources */ = {isa = PBXBuildFile; fileRef = 1B27FAB61EB3873300ECF32F /* com.andymatuschak.Sparkle.install-service.xpc */; };
		1B27FABA1EB3873300ECF32F /* HockeySDK.framework in Frameworks */ = {isa = PBXBuildFile; fileRef = 1B27FAB71EB3873300ECF32F /* HockeySDK.framework */; };
		1B27FABB1EB3873300ECF32F /* Sparkle.framework in Frameworks */ = {isa = PBXBuildFile; fileRef = 1B27FAB81EB3873300ECF32F /* Sparkle.framework */; };
		1B27FABC1EB3873D00ECF32F /* HockeySDK.framework in Frameworks */ = {isa = PBXBuildFile; fileRef = 1B27FAB71EB3873300ECF32F /* HockeySDK.framework */; };
		1B27FABD1EB3873D00ECF32F /* HockeySDK.framework in Embed Frameworks */ = {isa = PBXBuildFile; fileRef = 1B27FAB71EB3873300ECF32F /* HockeySDK.framework */; settings = {ATTRIBUTES = (CodeSignOnCopy, RemoveHeadersOnCopy, ); }; };
		1B27FABE1EB3873D00ECF32F /* Sparkle.framework in Frameworks */ = {isa = PBXBuildFile; fileRef = 1B27FAB81EB3873300ECF32F /* Sparkle.framework */; };
		1B27FABF1EB3873D00ECF32F /* Sparkle.framework in Embed Frameworks */ = {isa = PBXBuildFile; fileRef = 1B27FAB81EB3873300ECF32F /* Sparkle.framework */; settings = {ATTRIBUTES = (CodeSignOnCopy, RemoveHeadersOnCopy, ); }; };
		1B27FAC21EB3876C00ECF32F /* com.andymatuschak.Sparkle.install-service.xpc in Embed XPC */ = {isa = PBXBuildFile; fileRef = 1B27FAB61EB3873300ECF32F /* com.andymatuschak.Sparkle.install-service.xpc */; settings = {ATTRIBUTES = (RemoveHeadersOnCopy, ); }; };
		1B27FAC81EB38A6C00ECF32F /* MLVSplitView.m in Sources */ = {isa = PBXBuildFile; fileRef = 1B27FAC71EB38A6C00ECF32F /* MLVSplitView.m */; };
		1B27FACB1EB38AFD00ECF32F /* NSColor+MacLantern.m in Sources */ = {isa = PBXBuildFile; fileRef = 1B27FACA1EB38AFD00ECF32F /* NSColor+MacLantern.m */; };
		1B27FACE1EB38C6400ECF32F /* MLVDividerView.m in Sources */ = {isa = PBXBuildFile; fileRef = 1B27FACD1EB38C6400ECF32F /* MLVDividerView.m */; };
		1B27FAD21EB38F7B00ECF32F /* MLVDataManager.m in Sources */ = {isa = PBXBuildFile; fileRef = 1B27FAD11EB38F7B00ECF32F /* MLVDataManager.m */; };
		1B27FAD51EB3904200ECF32F /* MLVBatch.m in Sources */ = {isa = PBXBuildFile; fileRef = 1B27FAD41EB3904200ECF32F /* MLVBatch.m */; };
		1B27FAD81EB3907E00ECF32F /* MLVJob.m in Sources */ = {isa = PBXBuildFile; fileRef = 1B27FAD71EB3907E00ECF32F /* MLVJob.m */; };
		1B27FADB1EB3910500ECF32F /* MLVOutput.m in Sources */ = {isa = PBXBuildFile; fileRef = 1B27FADA1EB3910500ECF32F /* MLVOutput.m */; };
		1B27FAE11EB392DF00ECF32F /* MLVBatchesViewController.m in Sources */ = {isa = PBXBuildFile; fileRef = 1B27FAE01EB392DF00ECF32F /* MLVBatchesViewController.m */; };
		1B27FAE41EB3934F00ECF32F /* BatchesView.xib in Resources */ = {isa = PBXBuildFile; fileRef = 1B27FAE21EB3934F00ECF32F /* BatchesView.xib */; };
		1B27FAE71EB393DA00ECF32F /* MLVSecondaryLabel.m in Sources */ = {isa = PBXBuildFile; fileRef = 1B27FAE61EB393DA00ECF32F /* MLVSecondaryLabel.m */; };
		1B27FAEA1EB394CB00ECF32F /* MLVContentView.m in Sources */ = {isa = PBXBuildFile; fileRef = 1B27FAE91EB394CB00ECF32F /* MLVContentView.m */; };
		1B27FAF31EB5101000ECF32F /* MLVPrimaryLabel.m in Sources */ = {isa = PBXBuildFile; fileRef = 1B27FAF21EB5101000ECF32F /* MLVPrimaryLabel.m */; };
		1B27FAF61EB5138800ECF32F /* MLVBatchViewController.m in Sources */ = {isa = PBXBuildFile; fileRef = 1B27FAF51EB5138800ECF32F /* MLVBatchViewController.m */; };
		1B27FAF91EB5149200ECF32F /* BatchView.xib in Resources */ = {isa = PBXBuildFile; fileRef = 1B27FAF71EB5149200ECF32F /* BatchView.xib */; };
		1B27FAFD1EB51C6300ECF32F /* MLVJobViewController.m in Sources */ = {isa = PBXBuildFile; fileRef = 1B27FAFC1EB51C6300ECF32F /* MLVJobViewController.m */; };
		1B27FB001EB51C8300ECF32F /* JobView.xib in Resources */ = {isa = PBXBuildFile; fileRef = 1B27FAFE1EB51C8300ECF32F /* JobView.xib */; };
		1B27FB031EB5C7D000ECF32F /* NSObject+MacLantern.m in Sources */ = {isa = PBXBuildFile; fileRef = 1B27FB021EB5C7D000ECF32F /* NSObject+MacLantern.m */; };
		1B27FB061EB5D9AE00ECF32F /* MLVFlippedClipView.m in Sources */ = {isa = PBXBuildFile; fileRef = 1B27FB051EB5D9AE00ECF32F /* MLVFlippedClipView.m */; };
		1B27FB091EB6082F00ECF32F /* MLVButtonCell.m in Sources */ = {isa = PBXBuildFile; fileRef = 1B27FB081EB6082F00ECF32F /* MLVButtonCell.m */; };
		1B27FB0D1EB608C200ECF32F /* NSImage+MacLantern.m in Sources */ = {isa = PBXBuildFile; fileRef = 1B27FB0C1EB608C200ECF32F /* NSImage+MacLantern.m */; };
		1B27FB101EB609FC00ECF32F /* MLVButton.m in Sources */ = {isa = PBXBuildFile; fileRef = 1B27FB0F1EB609FC00ECF32F /* MLVButton.m */; };
		1B88F54D1EB1CA6D00BE1163 /* AppDelegate.m in Sources */ = {isa = PBXBuildFile; fileRef = 1B88F54C1EB1CA6D00BE1163 /* AppDelegate.m */; };
		1B88F5501EB1CA6D00BE1163 /* main.m in Sources */ = {isa = PBXBuildFile; fileRef = 1B88F54F1EB1CA6D00BE1163 /* main.m */; };
		1B88F5531EB1CA6D00BE1163 /* MLVMainViewController.m in Sources */ = {isa = PBXBuildFile; fileRef = 1B88F5521EB1CA6D00BE1163 /* MLVMainViewController.m */; };
		1B88F5551EB1CA6D00BE1163 /* Assets.xcassets in Resources */ = {isa = PBXBuildFile; fileRef = 1B88F5541EB1CA6D00BE1163 /* Assets.xcassets */; };
		1B88F5581EB1CA6D00BE1163 /* Main.storyboard in Resources */ = {isa = PBXBuildFile; fileRef = 1B88F5561EB1CA6D00BE1163 /* Main.storyboard */; };
		1BA85CDB1EC0B6EE00B279B3 /* MLVDocumentIcon.iconset in Resources */ = {isa = PBXBuildFile; fileRef = 1BA85CDA1EC0B6EE00B279B3 /* MLVDocumentIcon.iconset */; };
		1BA85CED1EC436CB00B279B3 /* mlvprocess.m in Sources */ = {isa = PBXBuildFile; fileRef = 1BA85CEC1EC436CB00B279B3 /* mlvprocess.m */; };
		1BA85CEF1EC436CB00B279B3 /* main.m in Sources */ = {isa = PBXBuildFile; fileRef = 1BA85CEE1EC436CB00B279B3 /* main.m */; };
		1BA85CF31EC436CB00B279B3 /* mlvprocess.xpc in Embed XPC */ = {isa = PBXBuildFile; fileRef = 1BA85CE81EC436CB00B279B3 /* mlvprocess.xpc */; settings = {ATTRIBUTES = (RemoveHeadersOnCopy, ); }; };
		1BA85CF71EC436E600B279B3 /* 100d-1808x1190-blue.png in Resources */ = {isa = PBXBuildFile; fileRef = 1B88F5611EB1CB9300BE1163 /* 100d-1808x1190-blue.png */; };
		1BA85CF81EC436E600B279B3 /* 100d-1808x1190-red.png in Resources */ = {isa = PBXBuildFile; fileRef = 1B88F5621EB1CB9300BE1163 /* 100d-1808x1190-red.png */; };
		1BA85CF91EC436E600B279B3 /* 100d-1808x728-blue.png in Resources */ = {isa = PBXBuildFile; fileRef = 1B88F5631EB1CB9300BE1163 /* 100d-1808x728-blue.png */; };
		1BA85CFA1EC436E600B279B3 /* 100d-1808x728-red.png in Resources */ = {isa = PBXBuildFile; fileRef = 1B88F5641EB1CB9300BE1163 /* 100d-1808x728-red.png */; };
		1BA85CFB1EC436E600B279B3 /* 100d-1872x1060-blue.png in Resources */ = {isa = PBXBuildFile; fileRef = 1B88F5651EB1CB9300BE1163 /* 100d-1872x1060-blue.png */; };
		1BA85CFC1EC436E600B279B3 /* 100d-1872x1060-red.png in Resources */ = {isa = PBXBuildFile; fileRef = 1B88F5661EB1CB9300BE1163 /* 100d-1872x1060-red.png */; };
		1BA85CFD1EC436E600B279B3 /* eosm-650d-700d-1808x1190-blue.png in Resources */ = {isa = PBXBuildFile; fileRef = 1B88F5671EB1CB9300BE1163 /* eosm-650d-700d-1808x1190-blue.png */; };
		1BA85CFE1EC436E600B279B3 /* eosm-650d-700d-1808x1190-red.png in Resources */ = {isa = PBXBuildFile; fileRef = 1B88F5681EB1CB9300BE1163 /* eosm-650d-700d-1808x1190-red.png */; };
		1BA85CFF1EC436E600B279B3 /* eosm-650d-700d-1808x728-fullframe-blue.png in Resources */ = {isa = PBXBuildFile; fileRef = 1B88F5691EB1CB9300BE1163 /* eosm-650d-700d-1808x728-fullframe-blue.png */; };
		1BA85D001EC436E600B279B3 /* eosm-650d-700d-1808x728-fullframe-red.png in Resources */ = {isa = PBXBuildFile; fileRef = 1B88F56A1EB1CB9300BE1163 /* eosm-650d-700d-1808x728-fullframe-red.png */; };
		1BA85D011EC436E600B279B3 /* eosm-650d-700d-1872x1058-crop-blue.png in Resources */ = {isa = PBXBuildFile; fileRef = 1B88F56B1EB1CB9300BE1163 /* eosm-650d-700d-1872x1058-crop-blue.png */; };
		1BA85D021EC436E600B279B3 /* eosm-650d-700d-1872x1058-crop-red.png in Resources */ = {isa = PBXBuildFile; fileRef = 1B88F56C1EB1CB9300BE1163 /* eosm-650d-700d-1872x1058-crop-red.png */; };
		1BA85D031EC436E600B279B3 /* eosm-650d-700d-2592x1108-zoom-blue.png in Resources */ = {isa = PBXBuildFile; fileRef = 1B88F56D1EB1CB9300BE1163 /* eosm-650d-700d-2592x1108-zoom-blue.png */; };
		1BA85D041EC436E600B279B3 /* eosm-650d-700d-2592x1108-zoom-red.png in Resources */ = {isa = PBXBuildFile; fileRef = 1B88F56E1EB1CB9300BE1163 /* eosm-650d-700d-2592x1108-zoom-red.png */; };
		1BA85D051EC436EB00B279B3 /* MLVFile.m in Sources */ = {isa = PBXBuildFile; fileRef = 1B88F57B1EB1CB9300BE1163 /* MLVFile.m */; };
		1BA85D061EC436EB00B279B3 /* MLVBlock.m in Sources */ = {isa = PBXBuildFile; fileRef = 1B88F5791EB1CB9300BE1163 /* MLVBlock.m */; };
		1BA85D071EC436EB00B279B3 /* MLVPixelMap.m in Sources */ = {isa = PBXBuildFile; fileRef = 1B88F5721EB1CB9300BE1163 /* MLVPixelMap.m */; };
		1BA85D081EC436EB00B279B3 /* MLVRawImage.m in Sources */ = {isa = PBXBuildFile; fileRef = 1B88F5741EB1CB9300BE1163 /* MLVRawImage.m */; };
		1BA85D091EC4370C00B279B3 /* lj92.c in Sources */ = {isa = PBXBuildFile; fileRef = 1B88F5951EB1D3DB00BE1163 /* lj92.c */; };
		1BA85D231EC9771D00B279B3 /* MLVRawImage+DNG.m in Sources */ = {isa = PBXBuildFile; fileRef = 1BA85D221EC9771D00B279B3 /* MLVRawImage+DNG.m */; };
		1BA85D2B1EC98E4100B279B3 /* Tests.m in Sources */ = {isa = PBXBuildFile; fileRef = 1BA85D2A1EC98E4100B279B3 /* Tests.m */; };
		1BA85D321EC98E5300B279B3 /* MLVFile.m in Sources */ = {isa = PBXBuildFile; fileRef = 1B88F57B1EB1CB9300BE1163 /* MLVFile.m */; };
		1BA85D331EC98E5300B279B3 /* MLVBlock.m in Sources */ = {isa = PBXBuildFile; fileRef = 1B88F5791EB1CB9300BE1163 /* MLVBlock.m */; };
		1BA85D341EC98E5300B279B3 /* MLVPixelMap.m in Sources */ = {isa = PBXBuildFile; fileRef = 1B88F5721EB1CB9300BE1163 /* MLVPixelMap.m */; };
		1BA85D351EC98E5300B279B3 /* MLVRawImage.m in Sources */ = {isa = PBXBuildFile; fileRef = 1B88F5741EB1CB9300BE1163 /* MLVRawImage.m */; };
		1BA85D361EC98E5300B279B3 /* MLVRawImage+DNG.m in Sources */ = {isa = PBXBuildFile; fileRef = 1BA85D221EC9771D00B279B3 /* MLVRawImage+DNG.m */; };
		1BA85D371EC98E5900B279B3 /* 100d-1808x1190-blue.png in Resources */ = {isa = PBXBuildFile; fileRef = 1B88F5611EB1CB9300BE1163 /* 100d-1808x1190-blue.png */; };
		1BA85D381EC98E5900B279B3 /* 100d-1808x1190-red.png in Resources */ = {isa = PBXBuildFile; fileRef = 1B88F5621EB1CB9300BE1163 /* 100d-1808x1190-red.png */; };
		1BA85D391EC98E5900B279B3 /* 100d-1808x728-blue.png in Resources */ = {isa = PBXBuildFile; fileRef = 1B88F5631EB1CB9300BE1163 /* 100d-1808x728-blue.png */; };
		1BA85D3A1EC98E5900B279B3 /* 100d-1808x728-red.png in Resources */ = {isa = PBXBuildFile; fileRef = 1B88F5641EB1CB9300BE1163 /* 100d-1808x728-red.png */; };
		1BA85D3B1EC98E5900B279B3 /* 100d-1872x1060-blue.png in Resources */ = {isa = PBXBuildFile; fileRef = 1B88F5651EB1CB9300BE1163 /* 100d-1872x1060-blue.png */; };
		1BA85D3C1EC98E5900B279B3 /* 100d-1872x1060-red.png in Resources */ = {isa = PBXBuildFile; fileRef = 1B88F5661EB1CB9300BE1163 /* 100d-1872x1060-red.png */; };
		1BA85D3D1EC98E5900B279B3 /* eosm-650d-700d-1808x1190-blue.png in Resources */ = {isa = PBXBuildFile; fileRef = 1B88F5671EB1CB9300BE1163 /* eosm-650d-700d-1808x1190-blue.png */; };
		1BA85D3E1EC98E5900B279B3 /* eosm-650d-700d-1808x1190-red.png in Resources */ = {isa = PBXBuildFile; fileRef = 1B88F5681EB1CB9300BE1163 /* eosm-650d-700d-1808x1190-red.png */; };
		1BA85D3F1EC98E5900B279B3 /* eosm-650d-700d-1808x728-fullframe-blue.png in Resources */ = {isa = PBXBuildFile; fileRef = 1B88F5691EB1CB9300BE1163 /* eosm-650d-700d-1808x728-fullframe-blue.png */; };
		1BA85D401EC98E5900B279B3 /* eosm-650d-700d-1808x728-fullframe-red.png in Resources */ = {isa = PBXBuildFile; fileRef = 1B88F56A1EB1CB9300BE1163 /* eosm-650d-700d-1808x728-fullframe-red.png */; };
		1BA85D411EC98E5900B279B3 /* eosm-650d-700d-1872x1058-crop-blue.png in Resources */ = {isa = PBXBuildFile; fileRef = 1B88F56B1EB1CB9300BE1163 /* eosm-650d-700d-1872x1058-crop-blue.png */; };
		1BA85D421EC98E5900B279B3 /* eosm-650d-700d-1872x1058-crop-red.png in Resources */ = {isa = PBXBuildFile; fileRef = 1B88F56C1EB1CB9300BE1163 /* eosm-650d-700d-1872x1058-crop-red.png */; };
		1BA85D431EC98E5900B279B3 /* eosm-650d-700d-2592x1108-zoom-blue.png in Resources */ = {isa = PBXBuildFile; fileRef = 1B88F56D1EB1CB9300BE1163 /* eosm-650d-700d-2592x1108-zoom-blue.png */; };
		1BA85D441EC98E5900B279B3 /* eosm-650d-700d-2592x1108-zoom-red.png in Resources */ = {isa = PBXBuildFile; fileRef = 1B88F56E1EB1CB9300BE1163 /* eosm-650d-700d-2592x1108-zoom-red.png */; };
		1BA85D451EC98E5D00B279B3 /* lj92.c in Sources */ = {isa = PBXBuildFile; fileRef = 1B88F5951EB1D3DB00BE1163 /* lj92.c */; };
/* End PBXBuildFile section */

/* Begin PBXContainerItemProxy section */
		1BA85CF11EC436CB00B279B3 /* PBXContainerItemProxy */ = {
			isa = PBXContainerItemProxy;
			containerPortal = 1B88F5401EB1CA6D00BE1163 /* Project object */;
			proxyType = 1;
			remoteGlobalIDString = 1BA85CE71EC436CB00B279B3;
			remoteInfo = mlvprocess;
		};
		1BA85D2D1EC98E4100B279B3 /* PBXContainerItemProxy */ = {
			isa = PBXContainerItemProxy;
			containerPortal = 1B88F5401EB1CA6D00BE1163 /* Project object */;
			proxyType = 1;
			remoteGlobalIDString = 1B88F5471EB1CA6D00BE1163;
			remoteInfo = MacLantern;
		};
/* End PBXContainerItemProxy section */

/* Begin PBXCopyFilesBuildPhase section */
		1B27FAC01EB3873D00ECF32F /* Embed Frameworks */ = {
			isa = PBXCopyFilesBuildPhase;
			buildActionMask = 2147483647;
			dstPath = "";
			dstSubfolderSpec = 10;
			files = (
				1B27FABD1EB3873D00ECF32F /* HockeySDK.framework in Embed Frameworks */,
				1B27FABF1EB3873D00ECF32F /* Sparkle.framework in Embed Frameworks */,
			);
			name = "Embed Frameworks";
			runOnlyForDeploymentPostprocessing = 0;
		};
		1B27FAC11EB3875D00ECF32F /* Embed XPC */ = {
			isa = PBXCopyFilesBuildPhase;
			buildActionMask = 2147483647;
			dstPath = "$(CONTENTS_FOLDER_PATH)/XPCServices";
			dstSubfolderSpec = 16;
			files = (
				1B27FAC21EB3876C00ECF32F /* com.andymatuschak.Sparkle.install-service.xpc in Embed XPC */,
				1BA85CF31EC436CB00B279B3 /* mlvprocess.xpc in Embed XPC */,
			);
			name = "Embed XPC";
			runOnlyForDeploymentPostprocessing = 0;
		};
/* End PBXCopyFilesBuildPhase section */

/* Begin PBXFileReference section */
		1B27FAAD1EB384AB00ECF32F /* Base */ = {isa = PBXFileReference; lastKnownFileType = file.xib; name = Base; path = Base.lproj/MainView.xib; sourceTree = "<group>"; };
		1B27FAAF1EB3852F00ECF32F /* MLVMainWindowController.h */ = {isa = PBXFileReference; fileEncoding = 4; lastKnownFileType = sourcecode.c.h; path = MLVMainWindowController.h; sourceTree = "<group>"; };
		1B27FAB01EB3852F00ECF32F /* MLVMainWindowController.m */ = {isa = PBXFileReference; fileEncoding = 4; lastKnownFileType = sourcecode.c.objc; path = MLVMainWindowController.m; sourceTree = "<group>"; };
		1B27FAB31EB3855D00ECF32F /* Base */ = {isa = PBXFileReference; lastKnownFileType = file.xib; name = Base; path = Base.lproj/MainWindow.xib; sourceTree = "<group>"; };
		1B27FAB61EB3873300ECF32F /* com.andymatuschak.Sparkle.install-service.xpc */ = {isa = PBXFileReference; lastKnownFileType = "wrapper.xpc-service"; path = "com.andymatuschak.Sparkle.install-service.xpc"; sourceTree = "<group>"; };
		1B27FAB71EB3873300ECF32F /* HockeySDK.framework */ = {isa = PBXFileReference; lastKnownFileType = wrapper.framework; path = HockeySDK.framework; sourceTree = "<group>"; };
		1B27FAB81EB3873300ECF32F /* Sparkle.framework */ = {isa = PBXFileReference; lastKnownFileType = wrapper.framework; path = Sparkle.framework; sourceTree = "<group>"; };
		1B27FAC61EB38A6C00ECF32F /* MLVSplitView.h */ = {isa = PBXFileReference; fileEncoding = 4; lastKnownFileType = sourcecode.c.h; path = MLVSplitView.h; sourceTree = "<group>"; };
		1B27FAC71EB38A6C00ECF32F /* MLVSplitView.m */ = {isa = PBXFileReference; fileEncoding = 4; lastKnownFileType = sourcecode.c.objc; path = MLVSplitView.m; sourceTree = "<group>"; };
		1B27FAC91EB38AFD00ECF32F /* NSColor+MacLantern.h */ = {isa = PBXFileReference; fileEncoding = 4; lastKnownFileType = sourcecode.c.h; path = "NSColor+MacLantern.h"; sourceTree = "<group>"; };
		1B27FACA1EB38AFD00ECF32F /* NSColor+MacLantern.m */ = {isa = PBXFileReference; fileEncoding = 4; lastKnownFileType = sourcecode.c.objc; path = "NSColor+MacLantern.m"; sourceTree = "<group>"; };
		1B27FACC1EB38C6400ECF32F /* MLVDividerView.h */ = {isa = PBXFileReference; fileEncoding = 4; lastKnownFileType = sourcecode.c.h; path = MLVDividerView.h; sourceTree = "<group>"; };
		1B27FACD1EB38C6400ECF32F /* MLVDividerView.m */ = {isa = PBXFileReference; fileEncoding = 4; lastKnownFileType = sourcecode.c.objc; path = MLVDividerView.m; sourceTree = "<group>"; };
		1B27FAD01EB38F7B00ECF32F /* MLVDataManager.h */ = {isa = PBXFileReference; fileEncoding = 4; lastKnownFileType = sourcecode.c.h; path = MLVDataManager.h; sourceTree = "<group>"; };
		1B27FAD11EB38F7B00ECF32F /* MLVDataManager.m */ = {isa = PBXFileReference; fileEncoding = 4; lastKnownFileType = sourcecode.c.objc; path = MLVDataManager.m; sourceTree = "<group>"; };
		1B27FAD31EB3904200ECF32F /* MLVBatch.h */ = {isa = PBXFileReference; fileEncoding = 4; lastKnownFileType = sourcecode.c.h; path = MLVBatch.h; sourceTree = "<group>"; };
		1B27FAD41EB3904200ECF32F /* MLVBatch.m */ = {isa = PBXFileReference; fileEncoding = 4; lastKnownFileType = sourcecode.c.objc; path = MLVBatch.m; sourceTree = "<group>"; };
		1B27FAD61EB3907E00ECF32F /* MLVJob.h */ = {isa = PBXFileReference; fileEncoding = 4; lastKnownFileType = sourcecode.c.h; path = MLVJob.h; sourceTree = "<group>"; };
		1B27FAD71EB3907E00ECF32F /* MLVJob.m */ = {isa = PBXFileReference; fileEncoding = 4; lastKnownFileType = sourcecode.c.objc; path = MLVJob.m; sourceTree = "<group>"; };
		1B27FAD91EB3910500ECF32F /* MLVOutput.h */ = {isa = PBXFileReference; fileEncoding = 4; lastKnownFileType = sourcecode.c.h; path = MLVOutput.h; sourceTree = "<group>"; };
		1B27FADA1EB3910500ECF32F /* MLVOutput.m */ = {isa = PBXFileReference; fileEncoding = 4; lastKnownFileType = sourcecode.c.objc; path = MLVOutput.m; sourceTree = "<group>"; };
		1B27FADF1EB392DF00ECF32F /* MLVBatchesViewController.h */ = {isa = PBXFileReference; fileEncoding = 4; lastKnownFileType = sourcecode.c.h; path = MLVBatchesViewController.h; sourceTree = "<group>"; };
		1B27FAE01EB392DF00ECF32F /* MLVBatchesViewController.m */ = {isa = PBXFileReference; fileEncoding = 4; lastKnownFileType = sourcecode.c.objc; path = MLVBatchesViewController.m; sourceTree = "<group>"; };
		1B27FAE31EB3934F00ECF32F /* Base */ = {isa = PBXFileReference; lastKnownFileType = file.xib; name = Base; path = Base.lproj/BatchesView.xib; sourceTree = "<group>"; };
		1B27FAE51EB393DA00ECF32F /* MLVSecondaryLabel.h */ = {isa = PBXFileReference; fileEncoding = 4; lastKnownFileType = sourcecode.c.h; path = MLVSecondaryLabel.h; sourceTree = "<group>"; };
		1B27FAE61EB393DA00ECF32F /* MLVSecondaryLabel.m */ = {isa = PBXFileReference; fileEncoding = 4; lastKnownFileType = sourcecode.c.objc; path = MLVSecondaryLabel.m; sourceTree = "<group>"; };
		1B27FAE81EB394CB00ECF32F /* MLVContentView.h */ = {isa = PBXFileReference; fileEncoding = 4; lastKnownFileType = sourcecode.c.h; path = MLVContentView.h; sourceTree = "<group>"; };
		1B27FAE91EB394CB00ECF32F /* MLVContentView.m */ = {isa = PBXFileReference; fileEncoding = 4; lastKnownFileType = sourcecode.c.objc; path = MLVContentView.m; sourceTree = "<group>"; };
		1B27FAF11EB5101000ECF32F /* MLVPrimaryLabel.h */ = {isa = PBXFileReference; fileEncoding = 4; lastKnownFileType = sourcecode.c.h; path = MLVPrimaryLabel.h; sourceTree = "<group>"; };
		1B27FAF21EB5101000ECF32F /* MLVPrimaryLabel.m */ = {isa = PBXFileReference; fileEncoding = 4; lastKnownFileType = sourcecode.c.objc; path = MLVPrimaryLabel.m; sourceTree = "<group>"; };
		1B27FAF41EB5138800ECF32F /* MLVBatchViewController.h */ = {isa = PBXFileReference; fileEncoding = 4; lastKnownFileType = sourcecode.c.h; path = MLVBatchViewController.h; sourceTree = "<group>"; };
		1B27FAF51EB5138800ECF32F /* MLVBatchViewController.m */ = {isa = PBXFileReference; fileEncoding = 4; lastKnownFileType = sourcecode.c.objc; path = MLVBatchViewController.m; sourceTree = "<group>"; };
		1B27FAF81EB5149200ECF32F /* Base */ = {isa = PBXFileReference; lastKnownFileType = file.xib; name = Base; path = Base.lproj/BatchView.xib; sourceTree = "<group>"; };
		1B27FAFB1EB51C6300ECF32F /* MLVJobViewController.h */ = {isa = PBXFileReference; fileEncoding = 4; lastKnownFileType = sourcecode.c.h; path = MLVJobViewController.h; sourceTree = "<group>"; };
		1B27FAFC1EB51C6300ECF32F /* MLVJobViewController.m */ = {isa = PBXFileReference; fileEncoding = 4; lastKnownFileType = sourcecode.c.objc; path = MLVJobViewController.m; sourceTree = "<group>"; };
		1B27FAFF1EB51C8300ECF32F /* Base */ = {isa = PBXFileReference; lastKnownFileType = file.xib; name = Base; path = Base.lproj/JobView.xib; sourceTree = "<group>"; };
		1B27FB011EB5C7D000ECF32F /* NSObject+MacLantern.h */ = {isa = PBXFileReference; fileEncoding = 4; lastKnownFileType = sourcecode.c.h; path = "NSObject+MacLantern.h"; sourceTree = "<group>"; };
		1B27FB021EB5C7D000ECF32F /* NSObject+MacLantern.m */ = {isa = PBXFileReference; fileEncoding = 4; lastKnownFileType = sourcecode.c.objc; path = "NSObject+MacLantern.m"; sourceTree = "<group>"; };
		1B27FB041EB5D9AE00ECF32F /* MLVFlippedClipView.h */ = {isa = PBXFileReference; fileEncoding = 4; lastKnownFileType = sourcecode.c.h; path = MLVFlippedClipView.h; sourceTree = "<group>"; };
		1B27FB051EB5D9AE00ECF32F /* MLVFlippedClipView.m */ = {isa = PBXFileReference; fileEncoding = 4; lastKnownFileType = sourcecode.c.objc; path = MLVFlippedClipView.m; sourceTree = "<group>"; };
		1B27FB071EB6082F00ECF32F /* MLVButtonCell.h */ = {isa = PBXFileReference; fileEncoding = 4; lastKnownFileType = sourcecode.c.h; path = MLVButtonCell.h; sourceTree = "<group>"; };
		1B27FB081EB6082F00ECF32F /* MLVButtonCell.m */ = {isa = PBXFileReference; fileEncoding = 4; lastKnownFileType = sourcecode.c.objc; path = MLVButtonCell.m; sourceTree = "<group>"; };
		1B27FB0B1EB608C200ECF32F /* NSImage+MacLantern.h */ = {isa = PBXFileReference; fileEncoding = 4; lastKnownFileType = sourcecode.c.h; path = "NSImage+MacLantern.h"; sourceTree = "<group>"; };
		1B27FB0C1EB608C200ECF32F /* NSImage+MacLantern.m */ = {isa = PBXFileReference; fileEncoding = 4; lastKnownFileType = sourcecode.c.objc; path = "NSImage+MacLantern.m"; sourceTree = "<group>"; };
		1B27FB0E1EB609FC00ECF32F /* MLVButton.h */ = {isa = PBXFileReference; fileEncoding = 4; lastKnownFileType = sourcecode.c.h; path = MLVButton.h; sourceTree = "<group>"; };
		1B27FB0F1EB609FC00ECF32F /* MLVButton.m */ = {isa = PBXFileReference; fileEncoding = 4; lastKnownFileType = sourcecode.c.objc; path = MLVButton.m; sourceTree = "<group>"; };
		1B88F5481EB1CA6D00BE1163 /* MacLantern.app */ = {isa = PBXFileReference; explicitFileType = wrapper.application; includeInIndex = 0; path = MacLantern.app; sourceTree = BUILT_PRODUCTS_DIR; };
		1B88F54B1EB1CA6D00BE1163 /* AppDelegate.h */ = {isa = PBXFileReference; lastKnownFileType = sourcecode.c.h; path = AppDelegate.h; sourceTree = "<group>"; };
		1B88F54C1EB1CA6D00BE1163 /* AppDelegate.m */ = {isa = PBXFileReference; lastKnownFileType = sourcecode.c.objc; path = AppDelegate.m; sourceTree = "<group>"; };
		1B88F54F1EB1CA6D00BE1163 /* main.m */ = {isa = PBXFileReference; lastKnownFileType = sourcecode.c.objc; path = main.m; sourceTree = "<group>"; };
		1B88F5511EB1CA6D00BE1163 /* MLVMainViewController.h */ = {isa = PBXFileReference; lastKnownFileType = sourcecode.c.h; path = MLVMainViewController.h; sourceTree = "<group>"; };
		1B88F5521EB1CA6D00BE1163 /* MLVMainViewController.m */ = {isa = PBXFileReference; lastKnownFileType = sourcecode.c.objc; path = MLVMainViewController.m; sourceTree = "<group>"; };
		1B88F5541EB1CA6D00BE1163 /* Assets.xcassets */ = {isa = PBXFileReference; lastKnownFileType = folder.assetcatalog; path = Assets.xcassets; sourceTree = "<group>"; };
		1B88F5571EB1CA6D00BE1163 /* Base */ = {isa = PBXFileReference; lastKnownFileType = file.storyboard; name = Base; path = Base.lproj/Main.storyboard; sourceTree = "<group>"; };
		1B88F5591EB1CA6D00BE1163 /* Info.plist */ = {isa = PBXFileReference; lastKnownFileType = text.plist.xml; path = Info.plist; sourceTree = "<group>"; };
		1B88F5611EB1CB9300BE1163 /* 100d-1808x1190-blue.png */ = {isa = PBXFileReference; lastKnownFileType = image.png; path = "100d-1808x1190-blue.png"; sourceTree = "<group>"; };
		1B88F5621EB1CB9300BE1163 /* 100d-1808x1190-red.png */ = {isa = PBXFileReference; lastKnownFileType = image.png; path = "100d-1808x1190-red.png"; sourceTree = "<group>"; };
		1B88F5631EB1CB9300BE1163 /* 100d-1808x728-blue.png */ = {isa = PBXFileReference; lastKnownFileType = image.png; path = "100d-1808x728-blue.png"; sourceTree = "<group>"; };
		1B88F5641EB1CB9300BE1163 /* 100d-1808x728-red.png */ = {isa = PBXFileReference; lastKnownFileType = image.png; path = "100d-1808x728-red.png"; sourceTree = "<group>"; };
		1B88F5651EB1CB9300BE1163 /* 100d-1872x1060-blue.png */ = {isa = PBXFileReference; lastKnownFileType = image.png; path = "100d-1872x1060-blue.png"; sourceTree = "<group>"; };
		1B88F5661EB1CB9300BE1163 /* 100d-1872x1060-red.png */ = {isa = PBXFileReference; lastKnownFileType = image.png; path = "100d-1872x1060-red.png"; sourceTree = "<group>"; };
		1B88F5671EB1CB9300BE1163 /* eosm-650d-700d-1808x1190-blue.png */ = {isa = PBXFileReference; lastKnownFileType = image.png; path = "eosm-650d-700d-1808x1190-blue.png"; sourceTree = "<group>"; };
		1B88F5681EB1CB9300BE1163 /* eosm-650d-700d-1808x1190-red.png */ = {isa = PBXFileReference; lastKnownFileType = image.png; path = "eosm-650d-700d-1808x1190-red.png"; sourceTree = "<group>"; };
		1B88F5691EB1CB9300BE1163 /* eosm-650d-700d-1808x728-fullframe-blue.png */ = {isa = PBXFileReference; lastKnownFileType = image.png; path = "eosm-650d-700d-1808x728-fullframe-blue.png"; sourceTree = "<group>"; };
		1B88F56A1EB1CB9300BE1163 /* eosm-650d-700d-1808x728-fullframe-red.png */ = {isa = PBXFileReference; lastKnownFileType = image.png; path = "eosm-650d-700d-1808x728-fullframe-red.png"; sourceTree = "<group>"; };
		1B88F56B1EB1CB9300BE1163 /* eosm-650d-700d-1872x1058-crop-blue.png */ = {isa = PBXFileReference; lastKnownFileType = image.png; path = "eosm-650d-700d-1872x1058-crop-blue.png"; sourceTree = "<group>"; };
		1B88F56C1EB1CB9300BE1163 /* eosm-650d-700d-1872x1058-crop-red.png */ = {isa = PBXFileReference; lastKnownFileType = image.png; path = "eosm-650d-700d-1872x1058-crop-red.png"; sourceTree = "<group>"; };
		1B88F56D1EB1CB9300BE1163 /* eosm-650d-700d-2592x1108-zoom-blue.png */ = {isa = PBXFileReference; lastKnownFileType = image.png; path = "eosm-650d-700d-2592x1108-zoom-blue.png"; sourceTree = "<group>"; };
		1B88F56E1EB1CB9300BE1163 /* eosm-650d-700d-2592x1108-zoom-red.png */ = {isa = PBXFileReference; lastKnownFileType = image.png; path = "eosm-650d-700d-2592x1108-zoom-red.png"; sourceTree = "<group>"; };
		1B88F5711EB1CB9300BE1163 /* MLVPixelMap.h */ = {isa = PBXFileReference; fileEncoding = 4; lastKnownFileType = sourcecode.c.h; path = MLVPixelMap.h; sourceTree = "<group>"; };
		1B88F5721EB1CB9300BE1163 /* MLVPixelMap.m */ = {isa = PBXFileReference; fileEncoding = 4; lastKnownFileType = sourcecode.c.objc; path = MLVPixelMap.m; sourceTree = "<group>"; };
		1B88F5731EB1CB9300BE1163 /* MLVRawImage.h */ = {isa = PBXFileReference; fileEncoding = 4; lastKnownFileType = sourcecode.c.h; path = MLVRawImage.h; sourceTree = "<group>"; };
		1B88F5741EB1CB9300BE1163 /* MLVRawImage.m */ = {isa = PBXFileReference; fileEncoding = 4; lastKnownFileType = sourcecode.c.objc; path = MLVRawImage.m; sourceTree = "<group>"; };
		1B88F5771EB1CB9300BE1163 /* mlv.h */ = {isa = PBXFileReference; fileEncoding = 4; lastKnownFileType = sourcecode.c.h; path = mlv.h; sourceTree = "<group>"; };
		1B88F5781EB1CB9300BE1163 /* MLVBlock.h */ = {isa = PBXFileReference; fileEncoding = 4; lastKnownFileType = sourcecode.c.h; path = MLVBlock.h; sourceTree = "<group>"; };
		1B88F5791EB1CB9300BE1163 /* MLVBlock.m */ = {isa = PBXFileReference; fileEncoding = 4; lastKnownFileType = sourcecode.c.objc; path = MLVBlock.m; sourceTree = "<group>"; };
		1B88F57A1EB1CB9300BE1163 /* MLVFile.h */ = {isa = PBXFileReference; fileEncoding = 4; lastKnownFileType = sourcecode.c.h; path = MLVFile.h; sourceTree = "<group>"; };
		1B88F57B1EB1CB9300BE1163 /* MLVFile.m */ = {isa = PBXFileReference; fileEncoding = 4; lastKnownFileType = sourcecode.c.objc; path = MLVFile.m; sourceTree = "<group>"; };
		1B88F57C1EB1CB9300BE1163 /* raw.h */ = {isa = PBXFileReference; fileEncoding = 4; lastKnownFileType = sourcecode.c.h; path = raw.h; sourceTree = "<group>"; };
		1B88F5911EB1CC0000BE1163 /* MLVTypes.h */ = {isa = PBXFileReference; lastKnownFileType = sourcecode.c.h; path = MLVTypes.h; sourceTree = "<group>"; };
		1B88F5951EB1D3DB00BE1163 /* lj92.c */ = {isa = PBXFileReference; fileEncoding = 4; lastKnownFileType = sourcecode.c.c; path = lj92.c; sourceTree = "<group>"; };
		1B88F5961EB1D3DB00BE1163 /* lj92.h */ = {isa = PBXFileReference; fileEncoding = 4; lastKnownFileType = sourcecode.c.h; path = lj92.h; sourceTree = "<group>"; };
		1BA85CDA1EC0B6EE00B279B3 /* MLVDocumentIcon.iconset */ = {isa = PBXFileReference; lastKnownFileType = folder.iconset; path = MLVDocumentIcon.iconset; sourceTree = "<group>"; };
		1BA85CE81EC436CB00B279B3 /* mlvprocess.xpc */ = {isa = PBXFileReference; explicitFileType = "wrapper.xpc-service"; includeInIndex = 0; path = mlvprocess.xpc; sourceTree = BUILT_PRODUCTS_DIR; };
		1BA85CEB1EC436CB00B279B3 /* mlvprocess.h */ = {isa = PBXFileReference; lastKnownFileType = sourcecode.c.h; path = mlvprocess.h; sourceTree = "<group>"; };
		1BA85CEC1EC436CB00B279B3 /* mlvprocess.m */ = {isa = PBXFileReference; lastKnownFileType = sourcecode.c.objc; path = mlvprocess.m; sourceTree = "<group>"; };
		1BA85CEE1EC436CB00B279B3 /* main.m */ = {isa = PBXFileReference; lastKnownFileType = sourcecode.c.objc; path = main.m; sourceTree = "<group>"; };
		1BA85CF01EC436CB00B279B3 /* Info.plist */ = {isa = PBXFileReference; lastKnownFileType = text.plist.xml; path = Info.plist; sourceTree = "<group>"; };
		1BA85D0B1EC43C9400B279B3 /* MLVProcessorProtocol.h */ = {isa = PBXFileReference; lastKnownFileType = sourcecode.c.h; name = MLVProcessorProtocol.h; path = ../MLVProcessorProtocol.h; sourceTree = "<group>"; };
		1BA85D0D1EC4403400B279B3 /* PrefixHeader.pch */ = {isa = PBXFileReference; lastKnownFileType = sourcecode.c.h; name = PrefixHeader.pch; path = ../PrefixHeader.pch; sourceTree = "<group>"; };
		1BA85D211EC9771D00B279B3 /* MLVRawImage+DNG.h */ = {isa = PBXFileReference; fileEncoding = 4; lastKnownFileType = sourcecode.c.h; path = "MLVRawImage+DNG.h"; sourceTree = "<group>"; };
		1BA85D221EC9771D00B279B3 /* MLVRawImage+DNG.m */ = {isa = PBXFileReference; fileEncoding = 4; lastKnownFileType = sourcecode.c.objc; path = "MLVRawImage+DNG.m"; sourceTree = "<group>"; };
		1BA85D281EC98E4100B279B3 /* Tests.xctest */ = {isa = PBXFileReference; explicitFileType = wrapper.cfbundle; includeInIndex = 0; path = Tests.xctest; sourceTree = BUILT_PRODUCTS_DIR; };
		1BA85D2A1EC98E4100B279B3 /* Tests.m */ = {isa = PBXFileReference; lastKnownFileType = sourcecode.c.objc; path = Tests.m; sourceTree = "<group>"; };
		1BA85D2C1EC98E4100B279B3 /* Info.plist */ = {isa = PBXFileReference; lastKnownFileType = text.plist.xml; path = Info.plist; sourceTree = "<group>"; };
		1BA85D471EC994E000B279B3 /* MLVRawImage+Inline.h */ = {isa = PBXFileReference; lastKnownFileType = sourcecode.c.h; path = "MLVRawImage+Inline.h"; sourceTree = "<group>"; };
/* End PBXFileReference section */

/* Begin PBXFrameworksBuildPhase section */
		1B88F5451EB1CA6D00BE1163 /* Frameworks */ = {
			isa = PBXFrameworksBuildPhase;
			buildActionMask = 2147483647;
			files = (
				1B27FABA1EB3873300ECF32F /* HockeySDK.framework in Frameworks */,
				1B27FABB1EB3873300ECF32F /* Sparkle.framework in Frameworks */,
				1B27FABC1EB3873D00ECF32F /* HockeySDK.framework in Frameworks */,
				1B27FABE1EB3873D00ECF32F /* Sparkle.framework in Frameworks */,
			);
			runOnlyForDeploymentPostprocessing = 0;
		};
		1BA85CE51EC436CB00B279B3 /* Frameworks */ = {
			isa = PBXFrameworksBuildPhase;
			buildActionMask = 2147483647;
			files = (
			);
			runOnlyForDeploymentPostprocessing = 0;
		};
		1BA85D251EC98E4100B279B3 /* Frameworks */ = {
			isa = PBXFrameworksBuildPhase;
			buildActionMask = 2147483647;
			files = (
			);
			runOnlyForDeploymentPostprocessing = 0;
		};
/* End PBXFrameworksBuildPhase section */

/* Begin PBXGroup section */
		1B27FAB51EB3873300ECF32F /* Frameworks */ = {
			isa = PBXGroup;
			children = (
				1B27FAB61EB3873300ECF32F /* com.andymatuschak.Sparkle.install-service.xpc */,
				1B27FAB71EB3873300ECF32F /* HockeySDK.framework */,
				1B27FAB81EB3873300ECF32F /* Sparkle.framework */,
			);
			path = Frameworks;
			sourceTree = "<group>";
		};
		1B27FAC51EB38A5300ECF32F /* UI Toolbox */ = {
			isa = PBXGroup;
			children = (
				1B27FAC61EB38A6C00ECF32F /* MLVSplitView.h */,
				1B27FAC71EB38A6C00ECF32F /* MLVSplitView.m */,
				1B27FAC91EB38AFD00ECF32F /* NSColor+MacLantern.h */,
				1B27FACA1EB38AFD00ECF32F /* NSColor+MacLantern.m */,
				1B27FB011EB5C7D000ECF32F /* NSObject+MacLantern.h */,
				1B27FB021EB5C7D000ECF32F /* NSObject+MacLantern.m */,
				1B27FB0B1EB608C200ECF32F /* NSImage+MacLantern.h */,
				1B27FB0C1EB608C200ECF32F /* NSImage+MacLantern.m */,
				1B27FACC1EB38C6400ECF32F /* MLVDividerView.h */,
				1B27FACD1EB38C6400ECF32F /* MLVDividerView.m */,
				1B27FAE51EB393DA00ECF32F /* MLVSecondaryLabel.h */,
				1B27FAE61EB393DA00ECF32F /* MLVSecondaryLabel.m */,
				1B27FAF11EB5101000ECF32F /* MLVPrimaryLabel.h */,
				1B27FAF21EB5101000ECF32F /* MLVPrimaryLabel.m */,
				1B27FAE81EB394CB00ECF32F /* MLVContentView.h */,
				1B27FAE91EB394CB00ECF32F /* MLVContentView.m */,
				1B27FB041EB5D9AE00ECF32F /* MLVFlippedClipView.h */,
				1B27FB051EB5D9AE00ECF32F /* MLVFlippedClipView.m */,
				1B27FB071EB6082F00ECF32F /* MLVButtonCell.h */,
				1B27FB081EB6082F00ECF32F /* MLVButtonCell.m */,
				1B27FB0E1EB609FC00ECF32F /* MLVButton.h */,
				1B27FB0F1EB609FC00ECF32F /* MLVButton.m */,
			);
			name = "UI Toolbox";
			sourceTree = "<group>";
		};
		1B27FACF1EB38F6300ECF32F /* Data */ = {
			isa = PBXGroup;
			children = (
				1B27FAD01EB38F7B00ECF32F /* MLVDataManager.h */,
				1B27FAD11EB38F7B00ECF32F /* MLVDataManager.m */,
				1B27FAD31EB3904200ECF32F /* MLVBatch.h */,
				1B27FAD41EB3904200ECF32F /* MLVBatch.m */,
				1B27FAD61EB3907E00ECF32F /* MLVJob.h */,
				1B27FAD71EB3907E00ECF32F /* MLVJob.m */,
				1B27FAD91EB3910500ECF32F /* MLVOutput.h */,
				1B27FADA1EB3910500ECF32F /* MLVOutput.m */,
			);
			name = Data;
			sourceTree = "<group>";
		};
		1B27FAEB1EB50ECF00ECF32F /* Batches */ = {
			isa = PBXGroup;
			children = (
				1B27FADF1EB392DF00ECF32F /* MLVBatchesViewController.h */,
				1B27FAE01EB392DF00ECF32F /* MLVBatchesViewController.m */,
				1B27FAF41EB5138800ECF32F /* MLVBatchViewController.h */,
				1B27FAF51EB5138800ECF32F /* MLVBatchViewController.m */,
				1B27FAFB1EB51C6300ECF32F /* MLVJobViewController.h */,
				1B27FAFC1EB51C6300ECF32F /* MLVJobViewController.m */,
			);
			name = Batches;
			sourceTree = "<group>";
		};
		1B88F53F1EB1CA6D00BE1163 = {
			isa = PBXGroup;
			children = (
				1B88F54A1EB1CA6D00BE1163 /* MacLantern */,
				1BA85CE91EC436CB00B279B3 /* mlvprocess */,
				1BA85D291EC98E4100B279B3 /* Tests */,
				1B27FAB51EB3873300ECF32F /* Frameworks */,
				1B88F5491EB1CA6D00BE1163 /* Products */,
			);
			sourceTree = "<group>";
		};
		1B88F5491EB1CA6D00BE1163 /* Products */ = {
			isa = PBXGroup;
			children = (
				1B88F5481EB1CA6D00BE1163 /* MacLantern.app */,
				1BA85CE81EC436CB00B279B3 /* mlvprocess.xpc */,
				1BA85D281EC98E4100B279B3 /* Tests.xctest */,
			);
			name = Products;
			sourceTree = "<group>";
		};
		1B88F54A1EB1CA6D00BE1163 /* MacLantern */ = {
			isa = PBXGroup;
			children = (
				1B27FACF1EB38F6300ECF32F /* Data */,
				1B88F54B1EB1CA6D00BE1163 /* AppDelegate.h */,
				1B88F54C1EB1CA6D00BE1163 /* AppDelegate.m */,
				1B27FAAF1EB3852F00ECF32F /* MLVMainWindowController.h */,
				1B27FAB01EB3852F00ECF32F /* MLVMainWindowController.m */,
				1B88F5511EB1CA6D00BE1163 /* MLVMainViewController.h */,
				1B88F5521EB1CA6D00BE1163 /* MLVMainViewController.m */,
				1B27FAEB1EB50ECF00ECF32F /* Batches */,
				1B27FAC51EB38A5300ECF32F /* UI Toolbox */,
				1B88F5541EB1CA6D00BE1163 /* Assets.xcassets */,
				1B88F5561EB1CA6D00BE1163 /* Main.storyboard */,
				1B27FAB21EB3855D00ECF32F /* MainWindow.xib */,
				1B27FAAC1EB384AB00ECF32F /* MainView.xib */,
				1B27FAE21EB3934F00ECF32F /* BatchesView.xib */,
				1B27FAF71EB5149200ECF32F /* BatchView.xib */,
				1B27FAFE1EB51C8300ECF32F /* JobView.xib */,
				1BA85CDA1EC0B6EE00B279B3 /* MLVDocumentIcon.iconset */,
				1B88F5591EB1CA6D00BE1163 /* Info.plist */,
				1B88F54E1EB1CA6D00BE1163 /* Supporting Files */,
			);
			path = MacLantern;
			sourceTree = "<group>";
		};
		1B88F54E1EB1CA6D00BE1163 /* Supporting Files */ = {
			isa = PBXGroup;
			children = (
				1B88F54F1EB1CA6D00BE1163 /* main.m */,
				1BA85D0D1EC4403400B279B3 /* PrefixHeader.pch */,
			);
			name = "Supporting Files";
			sourceTree = "<group>";
		};
		1B88F55F1EB1CB9300BE1163 /* MLV */ = {
			isa = PBXGroup;
			children = (
				1B88F5911EB1CC0000BE1163 /* MLVTypes.h */,
				1B88F5931EB1D3DB00BE1163 /* lj92 */,
				1B88F5601EB1CB9300BE1163 /* FocusPixelMaps */,
				1B88F5771EB1CB9300BE1163 /* mlv.h */,
				1B88F57C1EB1CB9300BE1163 /* raw.h */,
				1B88F57A1EB1CB9300BE1163 /* MLVFile.h */,
				1B88F57B1EB1CB9300BE1163 /* MLVFile.m */,
				1B88F5781EB1CB9300BE1163 /* MLVBlock.h */,
				1B88F5791EB1CB9300BE1163 /* MLVBlock.m */,
				1B88F5711EB1CB9300BE1163 /* MLVPixelMap.h */,
				1B88F5721EB1CB9300BE1163 /* MLVPixelMap.m */,
				1B88F5731EB1CB9300BE1163 /* MLVRawImage.h */,
				1B88F5741EB1CB9300BE1163 /* MLVRawImage.m */,
				1BA85D471EC994E000B279B3 /* MLVRawImage+Inline.h */,
				1BA85D211EC9771D00B279B3 /* MLVRawImage+DNG.h */,
				1BA85D221EC9771D00B279B3 /* MLVRawImage+DNG.m */,
			);
			path = MLV;
			sourceTree = "<group>";
		};
		1B88F5601EB1CB9300BE1163 /* FocusPixelMaps */ = {
			isa = PBXGroup;
			children = (
				1B88F5611EB1CB9300BE1163 /* 100d-1808x1190-blue.png */,
				1B88F5621EB1CB9300BE1163 /* 100d-1808x1190-red.png */,
				1B88F5631EB1CB9300BE1163 /* 100d-1808x728-blue.png */,
				1B88F5641EB1CB9300BE1163 /* 100d-1808x728-red.png */,
				1B88F5651EB1CB9300BE1163 /* 100d-1872x1060-blue.png */,
				1B88F5661EB1CB9300BE1163 /* 100d-1872x1060-red.png */,
				1B88F5671EB1CB9300BE1163 /* eosm-650d-700d-1808x1190-blue.png */,
				1B88F5681EB1CB9300BE1163 /* eosm-650d-700d-1808x1190-red.png */,
				1B88F5691EB1CB9300BE1163 /* eosm-650d-700d-1808x728-fullframe-blue.png */,
				1B88F56A1EB1CB9300BE1163 /* eosm-650d-700d-1808x728-fullframe-red.png */,
				1B88F56B1EB1CB9300BE1163 /* eosm-650d-700d-1872x1058-crop-blue.png */,
				1B88F56C1EB1CB9300BE1163 /* eosm-650d-700d-1872x1058-crop-red.png */,
				1B88F56D1EB1CB9300BE1163 /* eosm-650d-700d-2592x1108-zoom-blue.png */,
				1B88F56E1EB1CB9300BE1163 /* eosm-650d-700d-2592x1108-zoom-red.png */,
			);
			path = FocusPixelMaps;
			sourceTree = "<group>";
		};
		1B88F5931EB1D3DB00BE1163 /* lj92 */ = {
			isa = PBXGroup;
			children = (
				1B88F5951EB1D3DB00BE1163 /* lj92.c */,
				1B88F5961EB1D3DB00BE1163 /* lj92.h */,
			);
			path = lj92;
			sourceTree = SOURCE_ROOT;
		};
		1BA85CE91EC436CB00B279B3 /* mlvprocess */ = {
			isa = PBXGroup;
			children = (
				1B88F55F1EB1CB9300BE1163 /* MLV */,
				1BA85D0B1EC43C9400B279B3 /* MLVProcessorProtocol.h */,
				1BA85CEB1EC436CB00B279B3 /* mlvprocess.h */,
				1BA85CEC1EC436CB00B279B3 /* mlvprocess.m */,
				1BA85CEE1EC436CB00B279B3 /* main.m */,
				1BA85CF01EC436CB00B279B3 /* Info.plist */,
			);
			path = mlvprocess;
			sourceTree = "<group>";
		};
		1BA85D291EC98E4100B279B3 /* Tests */ = {
			isa = PBXGroup;
			children = (
				1BA85D2A1EC98E4100B279B3 /* Tests.m */,
				1BA85D2C1EC98E4100B279B3 /* Info.plist */,
			);
			path = Tests;
			sourceTree = "<group>";
		};
/* End PBXGroup section */

/* Begin PBXNativeTarget section */
		1B88F5471EB1CA6D00BE1163 /* MacLantern */ = {
			isa = PBXNativeTarget;
			buildConfigurationList = 1B88F55C1EB1CA6D00BE1163 /* Build configuration list for PBXNativeTarget "MacLantern" */;
			buildPhases = (
				1B88F5441EB1CA6D00BE1163 /* Sources */,
				1B88F5451EB1CA6D00BE1163 /* Frameworks */,
				1B88F5461EB1CA6D00BE1163 /* Resources */,
				1B27FAC01EB3873D00ECF32F /* Embed Frameworks */,
				1B27FAC11EB3875D00ECF32F /* Embed XPC */,
				1B27FAC31EB3878300ECF32F /* Set Build Number */,
				1B27FAC41EB3879500ECF32F /* Additional Code Signing */,
			);
			buildRules = (
			);
			dependencies = (
				1BA85CF21EC436CB00B279B3 /* PBXTargetDependency */,
			);
			name = MacLantern;
			productName = MacLantern;
			productReference = 1B88F5481EB1CA6D00BE1163 /* MacLantern.app */;
			productType = "com.apple.product-type.application";
		};
		1BA85CE71EC436CB00B279B3 /* mlvprocess */ = {
			isa = PBXNativeTarget;
			buildConfigurationList = 1BA85CF61EC436CB00B279B3 /* Build configuration list for PBXNativeTarget "mlvprocess" */;
			buildPhases = (
				1BA85CE41EC436CB00B279B3 /* Sources */,
				1BA85CE51EC436CB00B279B3 /* Frameworks */,
				1BA85CE61EC436CB00B279B3 /* Resources */,
			);
			buildRules = (
			);
			dependencies = (
			);
			name = mlvprocess;
			productName = mlvprocess;
			productReference = 1BA85CE81EC436CB00B279B3 /* mlvprocess.xpc */;
			productType = "com.apple.product-type.xpc-service";
		};
		1BA85D271EC98E4100B279B3 /* Tests */ = {
			isa = PBXNativeTarget;
			buildConfigurationList = 1BA85D2F1EC98E4100B279B3 /* Build configuration list for PBXNativeTarget "Tests" */;
			buildPhases = (
				1BA85D241EC98E4100B279B3 /* Sources */,
				1BA85D251EC98E4100B279B3 /* Frameworks */,
				1BA85D261EC98E4100B279B3 /* Resources */,
			);
			buildRules = (
			);
			dependencies = (
				1BA85D2E1EC98E4100B279B3 /* PBXTargetDependency */,
			);
			name = Tests;
			productName = Tests;
			productReference = 1BA85D281EC98E4100B279B3 /* Tests.xctest */;
			productType = "com.apple.product-type.bundle.unit-test";
		};
/* End PBXNativeTarget section */

/* Begin PBXProject section */
		1B88F5401EB1CA6D00BE1163 /* Project object */ = {
			isa = PBXProject;
			attributes = {
				LastUpgradeCheck = 0830;
				ORGANIZATIONNAME = "Martin Hering";
				TargetAttributes = {
					1B88F5471EB1CA6D00BE1163 = {
						CreatedOnToolsVersion = 8.3.2;
						DevelopmentTeam = J463EP3A58;
						ProvisioningStyle = Manual;
					};
					1BA85CE71EC436CB00B279B3 = {
						CreatedOnToolsVersion = 8.3.2;
						ProvisioningStyle = Manual;
					};
					1BA85D271EC98E4100B279B3 = {
						CreatedOnToolsVersion = 8.3.2;
						DevelopmentTeam = J463EP3A58;
						ProvisioningStyle = Automatic;
					};
				};
			};
			buildConfigurationList = 1B88F5431EB1CA6D00BE1163 /* Build configuration list for PBXProject "MacLantern" */;
			compatibilityVersion = "Xcode 3.2";
			developmentRegion = English;
			hasScannedForEncodings = 0;
			knownRegions = (
				en,
				Base,
			);
			mainGroup = 1B88F53F1EB1CA6D00BE1163;
			productRefGroup = 1B88F5491EB1CA6D00BE1163 /* Products */;
			projectDirPath = "";
			projectRoot = "";
			targets = (
				1B88F5471EB1CA6D00BE1163 /* MacLantern */,
				1BA85CE71EC436CB00B279B3 /* mlvprocess */,
				1BA85D271EC98E4100B279B3 /* Tests */,
			);
		};
/* End PBXProject section */

/* Begin PBXResourcesBuildPhase section */
		1B88F5461EB1CA6D00BE1163 /* Resources */ = {
			isa = PBXResourcesBuildPhase;
			buildActionMask = 2147483647;
			files = (
				1B27FAAE1EB384AB00ECF32F /* MainView.xib in Resources */,
				1B27FB001EB51C8300ECF32F /* JobView.xib in Resources */,
				1B27FAB41EB3855D00ECF32F /* MainWindow.xib in Resources */,
				1B27FAE41EB3934F00ECF32F /* BatchesView.xib in Resources */,
				1B27FAB91EB3873300ECF32F /* com.andymatuschak.Sparkle.install-service.xpc in Resources */,
				1BA85CDB1EC0B6EE00B279B3 /* MLVDocumentIcon.iconset in Resources */,
				1B88F5551EB1CA6D00BE1163 /* Assets.xcassets in Resources */,
				1B88F5581EB1CA6D00BE1163 /* Main.storyboard in Resources */,
				1B27FAF91EB5149200ECF32F /* BatchView.xib in Resources */,
			);
			runOnlyForDeploymentPostprocessing = 0;
		};
		1BA85CE61EC436CB00B279B3 /* Resources */ = {
			isa = PBXResourcesBuildPhase;
			buildActionMask = 2147483647;
			files = (
				1BA85D031EC436E600B279B3 /* eosm-650d-700d-2592x1108-zoom-blue.png in Resources */,
				1BA85CFF1EC436E600B279B3 /* eosm-650d-700d-1808x728-fullframe-blue.png in Resources */,
				1BA85CFE1EC436E600B279B3 /* eosm-650d-700d-1808x1190-red.png in Resources */,
				1BA85D021EC436E600B279B3 /* eosm-650d-700d-1872x1058-crop-red.png in Resources */,
				1BA85CFA1EC436E600B279B3 /* 100d-1808x728-red.png in Resources */,
				1BA85D011EC436E600B279B3 /* eosm-650d-700d-1872x1058-crop-blue.png in Resources */,
				1BA85CFD1EC436E600B279B3 /* eosm-650d-700d-1808x1190-blue.png in Resources */,
				1BA85CF71EC436E600B279B3 /* 100d-1808x1190-blue.png in Resources */,
				1BA85CFB1EC436E600B279B3 /* 100d-1872x1060-blue.png in Resources */,
				1BA85CF91EC436E600B279B3 /* 100d-1808x728-blue.png in Resources */,
				1BA85CFC1EC436E600B279B3 /* 100d-1872x1060-red.png in Resources */,
				1BA85D041EC436E600B279B3 /* eosm-650d-700d-2592x1108-zoom-red.png in Resources */,
				1BA85D001EC436E600B279B3 /* eosm-650d-700d-1808x728-fullframe-red.png in Resources */,
				1BA85CF81EC436E600B279B3 /* 100d-1808x1190-red.png in Resources */,
			);
			runOnlyForDeploymentPostprocessing = 0;
		};
		1BA85D261EC98E4100B279B3 /* Resources */ = {
			isa = PBXResourcesBuildPhase;
			buildActionMask = 2147483647;
			files = (
				1BA85D431EC98E5900B279B3 /* eosm-650d-700d-2592x1108-zoom-blue.png in Resources */,
				1BA85D3F1EC98E5900B279B3 /* eosm-650d-700d-1808x728-fullframe-blue.png in Resources */,
				1BA85D3E1EC98E5900B279B3 /* eosm-650d-700d-1808x1190-red.png in Resources */,
				1BA85D421EC98E5900B279B3 /* eosm-650d-700d-1872x1058-crop-red.png in Resources */,
				1BA85D3A1EC98E5900B279B3 /* 100d-1808x728-red.png in Resources */,
				1BA85D411EC98E5900B279B3 /* eosm-650d-700d-1872x1058-crop-blue.png in Resources */,
				1BA85D3D1EC98E5900B279B3 /* eosm-650d-700d-1808x1190-blue.png in Resources */,
				1BA85D371EC98E5900B279B3 /* 100d-1808x1190-blue.png in Resources */,
				1BA85D3B1EC98E5900B279B3 /* 100d-1872x1060-blue.png in Resources */,
				1BA85D391EC98E5900B279B3 /* 100d-1808x728-blue.png in Resources */,
				1BA85D3C1EC98E5900B279B3 /* 100d-1872x1060-red.png in Resources */,
				1BA85D441EC98E5900B279B3 /* eosm-650d-700d-2592x1108-zoom-red.png in Resources */,
				1BA85D401EC98E5900B279B3 /* eosm-650d-700d-1808x728-fullframe-red.png in Resources */,
				1BA85D381EC98E5900B279B3 /* 100d-1808x1190-red.png in Resources */,
			);
			runOnlyForDeploymentPostprocessing = 0;
		};
/* End PBXResourcesBuildPhase section */

/* Begin PBXShellScriptBuildPhase section */
		1B27FAC31EB3878300ECF32F /* Set Build Number */ = {
			isa = PBXShellScriptBuildPhase;
			buildActionMask = 2147483647;
			files = (
			);
			inputPaths = (
			);
			name = "Set Build Number";
			outputPaths = (
			);
			runOnlyForDeploymentPostprocessing = 0;
			shellPath = /bin/sh;
			shellScript = "cd \"${SRCROOT}\"\nBUILDNUMBER=`git log --pretty=format:'' | wc -l | sed 's/ //g'`\nBUILDNUMBER=`expr $BUILDNUMBER`\necho \"Build Number: ${BUILDNUMBER}\"\n\nVERSION_FILE=\"${TARGET_BUILD_DIR}/${EXECUTABLE_NAME}.app/Contents/Resources/svnversion\"\nrm -f \"${VERSION_FILE}\"\nrm -f \"${VERSION_FILE}.svn\"\necho $BUILDNUMBER >> \"${VERSION_FILE}.svn\"\nsed \"s/[[:alpha:]]//g\" \"${VERSION_FILE}.svn\" > \"${VERSION_FILE}\"\nrm -f \"${VERSION_FILE}.svn\"\n\nBUILDNUMBER=`cat \"${VERSION_FILE}\"`\n\nINFOPLIST_FULL_PATH=\"${TARGET_BUILD_DIR}/${EXECUTABLE_NAME}.app/Contents/Info.plist\"\nsed \"s/<string>v[[:digit:]][[:digit:]]*[[:alpha:]]*/<string>${BUILDNUMBER}/\" < \"${INFOPLIST_FULL_PATH}\" > \"${INFOPLIST_FULL_PATH}.versioned\"\nmv \"${INFOPLIST_FULL_PATH}.versioned\" \"${INFOPLIST_FULL_PATH}\"";
		};
		1B27FAC41EB3879500ECF32F /* Additional Code Signing */ = {
			isa = PBXShellScriptBuildPhase;
			buildActionMask = 2147483647;
			files = (
			);
			inputPaths = (
			);
			name = "Additional Code Signing";
			outputPaths = (
			);
			runOnlyForDeploymentPostprocessing = 0;
			shellPath = /bin/sh;
			shellScript = "LOCATION=\"${BUILT_PRODUCTS_DIR}\"/\"${FRAMEWORKS_FOLDER_PATH}\"\n\ncodesign --verbose --force ${OTHER_CODE_SIGN_FLAGS} --sign \"$CODE_SIGN_IDENTITY\" \"$LOCATION/HockeySDK.framework/Versions/A\"\ncodesign --verbose --force ${OTHER_CODE_SIGN_FLAGS} --sign \"$CODE_SIGN_IDENTITY\" \"$LOCATION/Sparkle.framework/Versions/A/Resources/finish_installation.app\"\ncodesign --verbose --force ${OTHER_CODE_SIGN_FLAGS} --sign \"$CODE_SIGN_IDENTITY\" \"$LOCATION/Sparkle.framework/Versions/A\"\ncodesign --verbose --force ${OTHER_CODE_SIGN_FLAGS} --sign \"$CODE_SIGN_IDENTITY\" \"$LOCATION/../XPCServices/com.andymatuschak.Sparkle.install-service.xpc\"";
		};
/* End PBXShellScriptBuildPhase section */

/* Begin PBXSourcesBuildPhase section */
		1B88F5441EB1CA6D00BE1163 /* Sources */ = {
			isa = PBXSourcesBuildPhase;
			buildActionMask = 2147483647;
			files = (
				1B27FAFD1EB51C6300ECF32F /* MLVJobViewController.m in Sources */,
				1B27FAEA1EB394CB00ECF32F /* MLVContentView.m in Sources */,
				1B27FAD21EB38F7B00ECF32F /* MLVDataManager.m in Sources */,
				1B27FACB1EB38AFD00ECF32F /* NSColor+MacLantern.m in Sources */,
				1B27FAB11EB3852F00ECF32F /* MLVMainWindowController.m in Sources */,
				1B27FAE11EB392DF00ECF32F /* MLVBatchesViewController.m in Sources */,
				1B27FB091EB6082F00ECF32F /* MLVButtonCell.m in Sources */,
				1B88F5531EB1CA6D00BE1163 /* MLVMainViewController.m in Sources */,
				1B88F5501EB1CA6D00BE1163 /* main.m in Sources */,
				1B27FB101EB609FC00ECF32F /* MLVButton.m in Sources */,
				1B27FB061EB5D9AE00ECF32F /* MLVFlippedClipView.m in Sources */,
				1B27FB031EB5C7D000ECF32F /* NSObject+MacLantern.m in Sources */,
				1B27FADB1EB3910500ECF32F /* MLVOutput.m in Sources */,
				1B27FAF61EB5138800ECF32F /* MLVBatchViewController.m in Sources */,
				1B27FAD81EB3907E00ECF32F /* MLVJob.m in Sources */,
				1B27FAD51EB3904200ECF32F /* MLVBatch.m in Sources */,
				1B27FAE71EB393DA00ECF32F /* MLVSecondaryLabel.m in Sources */,
				1B27FAC81EB38A6C00ECF32F /* MLVSplitView.m in Sources */,
				1B27FAF31EB5101000ECF32F /* MLVPrimaryLabel.m in Sources */,
				1B27FB0D1EB608C200ECF32F /* NSImage+MacLantern.m in Sources */,
				1B27FACE1EB38C6400ECF32F /* MLVDividerView.m in Sources */,
				1B88F54D1EB1CA6D00BE1163 /* AppDelegate.m in Sources */,
			);
			runOnlyForDeploymentPostprocessing = 0;
		};
		1BA85CE41EC436CB00B279B3 /* Sources */ = {
			isa = PBXSourcesBuildPhase;
			buildActionMask = 2147483647;
			files = (
				1BA85CEF1EC436CB00B279B3 /* main.m in Sources */,
				1BA85D051EC436EB00B279B3 /* MLVFile.m in Sources */,
				1BA85D091EC4370C00B279B3 /* lj92.c in Sources */,
				1BA85D071EC436EB00B279B3 /* MLVPixelMap.m in Sources */,
				1BA85CED1EC436CB00B279B3 /* mlvprocess.m in Sources */,
				1BA85D081EC436EB00B279B3 /* MLVRawImage.m in Sources */,
				1BA85D231EC9771D00B279B3 /* MLVRawImage+DNG.m in Sources */,
				1BA85D061EC436EB00B279B3 /* MLVBlock.m in Sources */,
			);
			runOnlyForDeploymentPostprocessing = 0;
		};
		1BA85D241EC98E4100B279B3 /* Sources */ = {
			isa = PBXSourcesBuildPhase;
			buildActionMask = 2147483647;
			files = (
				1BA85D331EC98E5300B279B3 /* MLVBlock.m in Sources */,
				1BA85D351EC98E5300B279B3 /* MLVRawImage.m in Sources */,
				1BA85D451EC98E5D00B279B3 /* lj92.c in Sources */,
				1BA85D361EC98E5300B279B3 /* MLVRawImage+DNG.m in Sources */,
				1BA85D2B1EC98E4100B279B3 /* Tests.m in Sources */,
				1BA85D321EC98E5300B279B3 /* MLVFile.m in Sources */,
				1BA85D341EC98E5300B279B3 /* MLVPixelMap.m in Sources */,
			);
			runOnlyForDeploymentPostprocessing = 0;
		};
/* End PBXSourcesBuildPhase section */

/* Begin PBXTargetDependency section */
		1BA85CF21EC436CB00B279B3 /* PBXTargetDependency */ = {
			isa = PBXTargetDependency;
			target = 1BA85CE71EC436CB00B279B3 /* mlvprocess */;
			targetProxy = 1BA85CF11EC436CB00B279B3 /* PBXContainerItemProxy */;
		};
		1BA85D2E1EC98E4100B279B3 /* PBXTargetDependency */ = {
			isa = PBXTargetDependency;
			target = 1B88F5471EB1CA6D00BE1163 /* MacLantern */;
			targetProxy = 1BA85D2D1EC98E4100B279B3 /* PBXContainerItemProxy */;
		};
/* End PBXTargetDependency section */

/* Begin PBXVariantGroup section */
		1B27FAAC1EB384AB00ECF32F /* MainView.xib */ = {
			isa = PBXVariantGroup;
			children = (
				1B27FAAD1EB384AB00ECF32F /* Base */,
			);
			name = MainView.xib;
			sourceTree = "<group>";
		};
		1B27FAB21EB3855D00ECF32F /* MainWindow.xib */ = {
			isa = PBXVariantGroup;
			children = (
				1B27FAB31EB3855D00ECF32F /* Base */,
			);
			name = MainWindow.xib;
			sourceTree = "<group>";
		};
		1B27FAE21EB3934F00ECF32F /* BatchesView.xib */ = {
			isa = PBXVariantGroup;
			children = (
				1B27FAE31EB3934F00ECF32F /* Base */,
			);
			name = BatchesView.xib;
			sourceTree = "<group>";
		};
		1B27FAF71EB5149200ECF32F /* BatchView.xib */ = {
			isa = PBXVariantGroup;
			children = (
				1B27FAF81EB5149200ECF32F /* Base */,
			);
			name = BatchView.xib;
			sourceTree = "<group>";
		};
		1B27FAFE1EB51C8300ECF32F /* JobView.xib */ = {
			isa = PBXVariantGroup;
			children = (
				1B27FAFF1EB51C8300ECF32F /* Base */,
			);
			name = JobView.xib;
			sourceTree = "<group>";
		};
		1B88F5561EB1CA6D00BE1163 /* Main.storyboard */ = {
			isa = PBXVariantGroup;
			children = (
				1B88F5571EB1CA6D00BE1163 /* Base */,
			);
			name = Main.storyboard;
			sourceTree = "<group>";
		};
/* End PBXVariantGroup section */

/* Begin XCBuildConfiguration section */
		1B88F55A1EB1CA6D00BE1163 /* Debug */ = {
			isa = XCBuildConfiguration;
			buildSettings = {
				ALWAYS_SEARCH_USER_PATHS = NO;
				CLANG_ANALYZER_NONNULL = YES;
				CLANG_ANALYZER_NUMBER_OBJECT_CONVERSION = YES_AGGRESSIVE;
				CLANG_CXX_LANGUAGE_STANDARD = "gnu++0x";
				CLANG_CXX_LIBRARY = "libc++";
				CLANG_ENABLE_MODULES = YES;
				CLANG_ENABLE_OBJC_ARC = YES;
				CLANG_WARN_BOOL_CONVERSION = YES;
				CLANG_WARN_CONSTANT_CONVERSION = YES;
				CLANG_WARN_DIRECT_OBJC_ISA_USAGE = YES_ERROR;
				CLANG_WARN_DOCUMENTATION_COMMENTS = YES;
				CLANG_WARN_EMPTY_BODY = YES;
				CLANG_WARN_ENUM_CONVERSION = YES;
				CLANG_WARN_INFINITE_RECURSION = YES;
				CLANG_WARN_INT_CONVERSION = YES;
				CLANG_WARN_OBJC_ROOT_CLASS = YES_ERROR;
				CLANG_WARN_SUSPICIOUS_MOVE = YES;
				CLANG_WARN_UNREACHABLE_CODE = YES;
				CLANG_WARN__DUPLICATE_METHOD_MATCH = YES;
				CODE_SIGN_IDENTITY = "-";
				COPY_PHASE_STRIP = NO;
				DEBUG_INFORMATION_FORMAT = dwarf;
				ENABLE_STRICT_OBJC_MSGSEND = YES;
				ENABLE_TESTABILITY = YES;
				GCC_C_LANGUAGE_STANDARD = gnu99;
				GCC_DYNAMIC_NO_PIC = NO;
				GCC_NO_COMMON_BLOCKS = YES;
				GCC_OPTIMIZATION_LEVEL = 0;
				GCC_PREPROCESSOR_DEFINITIONS = (
					"DEBUG=1",
					"$(inherited)",
				);
				GCC_WARN_64_TO_32_BIT_CONVERSION = YES;
				GCC_WARN_ABOUT_RETURN_TYPE = YES_ERROR;
				GCC_WARN_UNDECLARED_SELECTOR = YES;
				GCC_WARN_UNINITIALIZED_AUTOS = YES_AGGRESSIVE;
				GCC_WARN_UNUSED_FUNCTION = YES;
				GCC_WARN_UNUSED_VARIABLE = YES;
				MACOSX_DEPLOYMENT_TARGET = 10.12;
				MTL_ENABLE_DEBUG_INFO = YES;
				ONLY_ACTIVE_ARCH = YES;
				SDKROOT = macosx;
			};
			name = Debug;
		};
		1B88F55B1EB1CA6D00BE1163 /* Release */ = {
			isa = XCBuildConfiguration;
			buildSettings = {
				ALWAYS_SEARCH_USER_PATHS = NO;
				CLANG_ANALYZER_NONNULL = YES;
				CLANG_ANALYZER_NUMBER_OBJECT_CONVERSION = YES_AGGRESSIVE;
				CLANG_CXX_LANGUAGE_STANDARD = "gnu++0x";
				CLANG_CXX_LIBRARY = "libc++";
				CLANG_ENABLE_MODULES = YES;
				CLANG_ENABLE_OBJC_ARC = YES;
				CLANG_WARN_BOOL_CONVERSION = YES;
				CLANG_WARN_CONSTANT_CONVERSION = YES;
				CLANG_WARN_DIRECT_OBJC_ISA_USAGE = YES_ERROR;
				CLANG_WARN_DOCUMENTATION_COMMENTS = YES;
				CLANG_WARN_EMPTY_BODY = YES;
				CLANG_WARN_ENUM_CONVERSION = YES;
				CLANG_WARN_INFINITE_RECURSION = YES;
				CLANG_WARN_INT_CONVERSION = YES;
				CLANG_WARN_OBJC_ROOT_CLASS = YES_ERROR;
				CLANG_WARN_SUSPICIOUS_MOVE = YES;
				CLANG_WARN_UNREACHABLE_CODE = YES;
				CLANG_WARN__DUPLICATE_METHOD_MATCH = YES;
				CODE_SIGN_IDENTITY = "-";
				COPY_PHASE_STRIP = NO;
				DEBUG_INFORMATION_FORMAT = "dwarf-with-dsym";
				ENABLE_NS_ASSERTIONS = NO;
				ENABLE_STRICT_OBJC_MSGSEND = YES;
				GCC_C_LANGUAGE_STANDARD = gnu99;
				GCC_NO_COMMON_BLOCKS = YES;
				GCC_WARN_64_TO_32_BIT_CONVERSION = YES;
				GCC_WARN_ABOUT_RETURN_TYPE = YES_ERROR;
				GCC_WARN_UNDECLARED_SELECTOR = YES;
				GCC_WARN_UNINITIALIZED_AUTOS = YES_AGGRESSIVE;
				GCC_WARN_UNUSED_FUNCTION = YES;
				GCC_WARN_UNUSED_VARIABLE = YES;
				MACOSX_DEPLOYMENT_TARGET = 10.12;
				MTL_ENABLE_DEBUG_INFO = NO;
				SDKROOT = macosx;
			};
			name = Release;
		};
		1B88F55D1EB1CA6D00BE1163 /* Debug */ = {
			isa = XCBuildConfiguration;
			buildSettings = {
				ASSETCATALOG_COMPILER_APPICON_NAME = AppIcon;
				CODE_SIGN_IDENTITY = "Developer ID Application: vemedio";
				COMBINE_HIDPI_IMAGES = YES;
				DEVELOPMENT_TEAM = J463EP3A58;
				FRAMEWORK_SEARCH_PATHS = (
					"$(inherited)",
					"$(PROJECT_DIR)/Frameworks",
				);
				GCC_PRECOMPILE_PREFIX_HEADER = YES;
				GCC_PREFIX_HEADER = PrefixHeader.pch;
				INFOPLIST_FILE = MacLantern/Info.plist;
				LD_RUNPATH_SEARCH_PATHS = "$(inherited) @executable_path/../Frameworks";
				MACOSX_DEPLOYMENT_TARGET = 10.10;
				PRODUCT_BUNDLE_IDENTIFIER = org.martinhering.MacLantern;
				PRODUCT_NAME = "$(TARGET_NAME)";
				PROVISIONING_PROFILE_SPECIFIER = "";
			};
			name = Debug;
		};
		1B88F55E1EB1CA6D00BE1163 /* Release */ = {
			isa = XCBuildConfiguration;
			buildSettings = {
				ASSETCATALOG_COMPILER_APPICON_NAME = AppIcon;
				CODE_SIGN_IDENTITY = "Developer ID Application: vemedio";
				COMBINE_HIDPI_IMAGES = YES;
				DEVELOPMENT_TEAM = J463EP3A58;
				FRAMEWORK_SEARCH_PATHS = (
					"$(inherited)",
					"$(PROJECT_DIR)/Frameworks",
				);
				GCC_PRECOMPILE_PREFIX_HEADER = YES;
				GCC_PREFIX_HEADER = PrefixHeader.pch;
				INFOPLIST_FILE = MacLantern/Info.plist;
				LD_RUNPATH_SEARCH_PATHS = "$(inherited) @executable_path/../Frameworks";
				MACOSX_DEPLOYMENT_TARGET = 10.10;
				PRODUCT_BUNDLE_IDENTIFIER = org.martinhering.MacLantern;
				PRODUCT_NAME = "$(TARGET_NAME)";
				PROVISIONING_PROFILE_SPECIFIER = "";
			};
			name = Release;
		};
		1BA85CF41EC436CB00B279B3 /* Debug */ = {
			isa = XCBuildConfiguration;
			buildSettings = {
				CODE_SIGN_IDENTITY = "Developer ID Application: vemedio";
				COMBINE_HIDPI_IMAGES = YES;
				DEVELOPMENT_TEAM = "";
				GCC_PRECOMPILE_PREFIX_HEADER = YES;
				GCC_PREFIX_HEADER = PrefixHeader.pch;
				INFOPLIST_FILE = mlvprocess/Info.plist;
				PRODUCT_BUNDLE_IDENTIFIER = org.martinhering.mlvprocess;
				PRODUCT_NAME = "$(TARGET_NAME)";
				PROVISIONING_PROFILE_SPECIFIER = "";
				SKIP_INSTALL = YES;
			};
			name = Debug;
		};
		1BA85CF51EC436CB00B279B3 /* Release */ = {
			isa = XCBuildConfiguration;
			buildSettings = {
				CODE_SIGN_IDENTITY = "Developer ID Application: vemedio";
				COMBINE_HIDPI_IMAGES = YES;
				DEVELOPMENT_TEAM = "";
				GCC_PRECOMPILE_PREFIX_HEADER = YES;
				GCC_PREFIX_HEADER = PrefixHeader.pch;
				INFOPLIST_FILE = mlvprocess/Info.plist;
				PRODUCT_BUNDLE_IDENTIFIER = org.martinhering.mlvprocess;
				PRODUCT_NAME = "$(TARGET_NAME)";
				PROVISIONING_PROFILE_SPECIFIER = "";
				SKIP_INSTALL = YES;
			};
			name = Release;
		};
		1BA85D301EC98E4100B279B3 /* Debug */ = {
			isa = XCBuildConfiguration;
			buildSettings = {
				COMBINE_HIDPI_IMAGES = YES;
				DEVELOPMENT_TEAM = J463EP3A58;
				GCC_PRECOMPILE_PREFIX_HEADER = YES;
				GCC_PREFIX_HEADER = PrefixHeader.pch;
				INFOPLIST_FILE = Tests/Info.plist;
				LD_RUNPATH_SEARCH_PATHS = "$(inherited) @executable_path/../Frameworks @loader_path/../Frameworks";
				PRODUCT_BUNDLE_IDENTIFIER = org.martinhering.maclantern.Tests;
				PRODUCT_NAME = "$(TARGET_NAME)";
			};
			name = Debug;
		};
		1BA85D311EC98E4100B279B3 /* Release */ = {
			isa = XCBuildConfiguration;
			buildSettings = {
				COMBINE_HIDPI_IMAGES = YES;
				DEVELOPMENT_TEAM = J463EP3A58;
				GCC_PRECOMPILE_PREFIX_HEADER = YES;
				GCC_PREFIX_HEADER = PrefixHeader.pch;
				INFOPLIST_FILE = Tests/Info.plist;
				LD_RUNPATH_SEARCH_PATHS = "$(inherited) @executable_path/../Frameworks @loader_path/../Frameworks";
				PRODUCT_BUNDLE_IDENTIFIER = org.martinhering.maclantern.Tests;
				PRODUCT_NAME = "$(TARGET_NAME)";
			};
			name = Release;
		};
/* End XCBuildConfiguration section */

/* Begin XCConfigurationList section */
		1B88F5431EB1CA6D00BE1163 /* Build configuration list for PBXProject "MacLantern" */ = {
			isa = XCConfigurationList;
			buildConfigurations = (
				1B88F55A1EB1CA6D00BE1163 /* Debug */,
				1B88F55B1EB1CA6D00BE1163 /* Release */,
			);
			defaultConfigurationIsVisible = 0;
			defaultConfigurationName = Release;
		};
		1B88F55C1EB1CA6D00BE1163 /* Build configuration list for PBXNativeTarget "MacLantern" */ = {
			isa = XCConfigurationList;
			buildConfigurations = (
				1B88F55D1EB1CA6D00BE1163 /* Debug */,
				1B88F55E1EB1CA6D00BE1163 /* Release */,
			);
			defaultConfigurationIsVisible = 0;
			defaultConfigurationName = Release;
		};
		1BA85CF61EC436CB00B279B3 /* Build configuration list for PBXNativeTarget "mlvprocess" */ = {
			isa = XCConfigurationList;
			buildConfigurations = (
				1BA85CF41EC436CB00B279B3 /* Debug */,
				1BA85CF51EC436CB00B279B3 /* Release */,
			);
			defaultConfigurationIsVisible = 0;
			defaultConfigurationName = Release;
		};
		1BA85D2F1EC98E4100B279B3 /* Build configuration list for PBXNativeTarget "Tests" */ = {
			isa = XCConfigurationList;
			buildConfigurations = (
				1BA85D301EC98E4100B279B3 /* Debug */,
				1BA85D311EC98E4100B279B3 /* Release */,
			);
			defaultConfigurationIsVisible = 0;
		};
/* End XCConfigurationList section */
	};
	rootObject = 1B88F5401EB1CA6D00BE1163 /* Project object */;
}
